
Microsoft Visual Studio Solution File, Format Version 12.00
# Visual Studio Version 17
VisualStudioVersion = 17.1.32210.238
MinimumVisualStudioVersion = 10.0.40219.1
Project("{FAE04EC0-301F-11D3-BF4B-00C04F79EFBC}") = "pilot_brothers_safe_dd", "pilot_brothers_safe_dd.csproj", "{61F913B1-472B-43F4-B9AD-8BAE1E2851DA}"
EndProject
Global
	GlobalSection(SolutionConfigurationPlatforms) = preSolution
		Debug|Any CPU = Debug|Any CPU
		Release|Any CPU = Release|Any CPU
	EndGlobalSection
	GlobalSection(ProjectConfigurationPlatforms) = postSolution
		{61F913B1-472B-43F4-B9AD-8BAE1E2851DA}.Debug|Any CPU.ActiveCfg = Debug|Any CPU
		{61F913B1-472B-43F4-B9AD-8BAE1E2851DA}.Debug|Any CPU.Build.0 = Debug|Any CPU
		{61F913B1-472B-43F4-B9AD-8BAE1E2851DA}.Release|Any CPU.ActiveCfg = Release|Any CPU
		{61F913B1-472B-43F4-B9AD-8BAE1E2851DA}.Release|Any CPU.Build.0 = Release|Any CPU
	EndGlobalSection
	GlobalSection(SolutionProperties) = preSolution
		HideSolutionNode = FALSE
	EndGlobalSection
	GlobalSection(ExtensibilityGlobals) = postSolution
		SolutionGuid = {CF48A0E1-FFAF-4073-B062-11D01E764986}
	EndGlobalSection
EndGlobal
